version = 1
requires-python = ">=3.13"

[[package]]
name = "annotated-types"
version = "0.7.0"
source = { registry = "https://pypi.org/simple" }
sdist = { url = "https://files.pythonhosted.org/packages/ee/67/531ea369ba64dcff5ec9c3402f9f51bf748cec26dde048a2f973a4eea7f5/annotated_types-0.7.0.tar.gz", hash = "sha256:aff07c09a53a08bc8cfccb9c85b05f1aa9a2a6f23728d790723543408344ce89", size = 16081 }
wheels = [
    { url = "https://files.pythonhosted.org/packages/78/b6/6307fbef88d9b5ee7421e68d78a9f162e0da4900bc5f5793f6d3d0e34fb8/annotated_types-0.7.0-py3-none-any.whl", hash = "sha256:1f02e8b43a8fbbc3f3e0d4f0f4bfc8131bcb4eebe8849b8e5c773f3a1c582a53", size = 13643 },
]

[[package]]
name = "fight-to-death"
version = "0.1.0"
source = { editable = "." }
dependencies = [
    { name = "moderngl" },
    { name = "pydantic-settings" },
    { name = "pygame" },
]

[package.metadata]
requires-dist = [
    { name = "moderngl", specifier = ">=5.12.0" },
    { name = "pydantic-settings", specifier = ">=2.7.1" },
    { name = "pygame", specifier = ">=2.6.1" },
]

[[package]]
name = "glcontext"
version = "3.0.0"
source = { registry = "https://pypi.org/simple" }
sdist = { url = "https://files.pythonhosted.org/packages/3a/80/8238a0e6e972292061176141c1028b5e670aa8c94cf4c2f819bd730d314e/glcontext-3.0.0.tar.gz", hash = "sha256:57168edcd38df2fc0d70c318edf6f7e59091fba1cd3dadb289d0aa50449211ef", size = 16422 }
wheels = [
    { url = "https://files.pythonhosted.org/packages/12/be/0ef6a6710164fde818040238b041b02a082a2b9d210f18632ab2354d863e/glcontext-3.0.0-cp313-cp313-macosx_10_13_x86_64.whl", hash = "sha256:5bd37089570d3cdb01c6c0b315c49ce8a4dcdab2c431f5ba9f37a8b633cebfdf", size = 9366 },
    { url = "https://files.pythonhosted.org/packages/b9/d7/c3220898d72fbf938660ba5789c19cf245d21b45802a5d86cbcc67d66413/glcontext-3.0.0-cp313-cp313-macosx_11_0_arm64.whl", hash = "sha256:857fd83e60f15580afd369dfb651a10d84a70ec35995622d253551bfb3ff9477", size = 9735 },
    { url = "https://files.pythonhosted.org/packages/74/c1/2d57062d2f2f6e55c58b12bdeab2a39b209f959df32039d099ecdfe96bf7/glcontext-3.0.0-cp313-cp313-manylinux_2_5_i686.manylinux1_i686.manylinux_2_17_i686.manylinux2014_i686.whl", hash = "sha256:93fda9b378ce6d91f366e83e71ebdafdd167280a9834d1d6341ce6457c4e42ed", size = 50166 },
    { url = "https://files.pythonhosted.org/packages/03/4d/7fee00c76d678b06529e939ab6f3e3190af30208fe2e984526899026a437/glcontext-3.0.0-cp313-cp313-manylinux_2_5_x86_64.manylinux1_x86_64.manylinux_2_17_x86_64.manylinux2014_x86_64.whl", hash = "sha256:89ad50d34aa62f03f6aaf6ae39fc27afd1b0eaefb0281aac51f686dc5672d473", size = 51186 },
    { url = "https://files.pythonhosted.org/packages/f0/58/dc9a56192b889587e51ea511804bad5dec816de81ce16831db9fe19d5c40/glcontext-3.0.0-cp313-cp313-musllinux_1_2_i686.whl", hash = "sha256:2634d5e9647a6d7b0c5a5c0c57e91ac98aa79759bffb42459af4374b049fab01", size = 44658 },
    { url = "https://files.pythonhosted.org/packages/aa/ed/acb12e67589deaa96ad29d6994c2b9383afd18700f4f2a42ff342628aac5/glcontext-3.0.0-cp313-cp313-musllinux_1_2_x86_64.whl", hash = "sha256:0140c5df37cb48271527355062d35589dc3e1e7e73b51adf9962ed5048115f69", size = 46882 },
    { url = "https://files.pythonhosted.org/packages/e0/6d/033ba23466d596c945f5f31f5c4e50cba3bc6664fdee58f6ceab54b76f4b/glcontext-3.0.0-cp313-cp313-win32.whl", hash = "sha256:6678e0552b516fa8fe62f500ef2b953bec991e82a003be2a9840d16556d03d2e", size = 12220 },
    { url = "https://files.pythonhosted.org/packages/53/b4/f0e0860526b8661ec6ae2b25a15b61100e551f57f488613c564752173a56/glcontext-3.0.0-cp313-cp313-win_amd64.whl", hash = "sha256:18aa4b1df50e8c8ea39bd0f775f39bcc987521f92c4ed019ec7d70078471354d", size = 12971 },
]

[[package]]
name = "moderngl"
version = "5.12.0"
source = { registry = "https://pypi.org/simple" }
dependencies = [
    { name = "glcontext" },
]
sdist = { url = "https://files.pythonhosted.org/packages/da/52/540e2f8c45060bb2709f56eb5a44ae828dfcc97ccecb342c1a7deb467889/moderngl-5.12.0.tar.gz", hash = "sha256:52936a98ccb2f2e1d6e3cb18528b2919f6831e7e3f924e788b5873badce5129b", size = 193232 }
wheels = [
    { url = "https://files.pythonhosted.org/packages/39/13/cf493bdc3cb4f7a6b4fb357e683404dc8a97d19f53d501e4afdd679538e2/moderngl-5.12.0-cp313-cp313-macosx_10_13_x86_64.whl", hash = "sha256:f6efb432f5164f871471d1da36e3a4be9dc3efd7a1e48d0ac6b751e556af5d02", size = 112118 },
    { url = "https://files.pythonhosted.org/packages/a9/1f/1d84bba5f42fb19ce240d08d5434fe8e2f34341e68bb9fa89336b6cbdcfc/moderngl-5.12.0-cp313-cp313-macosx_11_0_arm64.whl", hash = "sha256:9b09d8d15b2eaab41c8646a664429ec86af225fa25096758497cd212489d2e1e", size = 109371 },
    { url = "https://files.pythonhosted.org/packages/be/ae/bda0b95878e2b36eac66f64d88c08e6c8ea759607f7d40e843a21c2f4f32/moderngl-5.12.0-cp313-cp313-manylinux_2_17_x86_64.manylinux2014_x86_64.whl", hash = "sha256:071042dd4846e58cbe204cf49341b62cd209fdcb6d48018feb5a61c66707fcb2", size = 296206 },
    { url = "https://files.pythonhosted.org/packages/28/bc/93dc73251bcdb9c0f6f5c9a1d97ec2134672c307c68e6106948eab1f73d4/moderngl-5.12.0-cp313-cp313-manylinux_2_5_i686.manylinux1_i686.manylinux_2_17_i686.manylinux2014_i686.whl", hash = "sha256:91db8302ac7f5d7a82a967388677e1378ff078f1e16d05da37ce77f4633b93b1", size = 270443 },
    { url = "https://files.pythonhosted.org/packages/2e/a1/bd72c788b16c2392d3e1ebb570e56d7f871eaa1854f57917c0f131acb365/moderngl-5.12.0-cp313-cp313-musllinux_1_2_i686.whl", hash = "sha256:51971d65ec96a212a814350c8b324ae0754353e1b61826d1a06aa2d060df170e", size = 1345675 },
    { url = "https://files.pythonhosted.org/packages/b2/ec/6aff8fa267d9f80e4d32b7a606fdf9f0563103441a7dbaa4f53e272a4ada/moderngl-5.12.0-cp313-cp313-musllinux_1_2_x86_64.whl", hash = "sha256:d56827360c19e831e986243b5daaf6a51006f1ec0d5372084ad446308763d19f", size = 1274906 },
    { url = "https://files.pythonhosted.org/packages/9f/4d/dc3ff763c125080e71b1095875f5dcc80949402019abc073bdfdbed1f4c2/moderngl-5.12.0-cp313-cp313-win32.whl", hash = "sha256:caa432c12b138a6c9571719075c4d103bdc2504cd31aeda38a00ad10fcf268cb", size = 101215 },
    { url = "https://files.pythonhosted.org/packages/2c/8b/0a264732e0ee49fca109e98ec28f4d0c326ffc31466aa6e9668e8961aabb/moderngl-5.12.0-cp313-cp313-win_amd64.whl", hash = "sha256:e34d1cd38f7998258f76a08bb5e87f351ec653b7ea1928b2711f8719c10cefd1", size = 108514 },
]

[[package]]
name = "pydantic"
version = "2.10.4"
source = { registry = "https://pypi.org/simple" }
dependencies = [
    { name = "annotated-types" },
    { name = "pydantic-core" },
    { name = "typing-extensions" },
]
sdist = { url = "https://files.pythonhosted.org/packages/70/7e/fb60e6fee04d0ef8f15e4e01ff187a196fa976eb0f0ab524af4599e5754c/pydantic-2.10.4.tar.gz", hash = "sha256:82f12e9723da6de4fe2ba888b5971157b3be7ad914267dea8f05f82b28254f06", size = 762094 }
wheels = [
    { url = "https://files.pythonhosted.org/packages/f3/26/3e1bbe954fde7ee22a6e7d31582c642aad9e84ffe4b5fb61e63b87cd326f/pydantic-2.10.4-py3-none-any.whl", hash = "sha256:597e135ea68be3a37552fb524bc7d0d66dcf93d395acd93a00682f1efcb8ee3d", size = 431765 },
]

[[package]]
name = "pydantic-core"
version = "2.27.2"
source = { registry = "https://pypi.org/simple" }
dependencies = [
    { name = "typing-extensions" },
]
sdist = { url = "https://files.pythonhosted.org/packages/fc/01/f3e5ac5e7c25833db5eb555f7b7ab24cd6f8c322d3a3ad2d67a952dc0abc/pydantic_core-2.27.2.tar.gz", hash = "sha256:eb026e5a4c1fee05726072337ff51d1efb6f59090b7da90d30ea58625b1ffb39", size = 413443 }
wheels = [
    { url = "https://files.pythonhosted.org/packages/41/b1/9bc383f48f8002f99104e3acff6cba1231b29ef76cfa45d1506a5cad1f84/pydantic_core-2.27.2-cp313-cp313-macosx_10_12_x86_64.whl", hash = "sha256:7d14bd329640e63852364c306f4d23eb744e0f8193148d4044dd3dacdaacbd8b", size = 1892709 },
    { url = "https://files.pythonhosted.org/packages/10/6c/e62b8657b834f3eb2961b49ec8e301eb99946245e70bf42c8817350cbefc/pydantic_core-2.27.2-cp313-cp313-macosx_11_0_arm64.whl", hash = "sha256:82f91663004eb8ed30ff478d77c4d1179b3563df6cdb15c0817cd1cdaf34d154", size = 1811273 },
    { url = "https://files.pythonhosted.org/packages/ba/15/52cfe49c8c986e081b863b102d6b859d9defc63446b642ccbbb3742bf371/pydantic_core-2.27.2-cp313-cp313-manylinux_2_17_aarch64.manylinux2014_aarch64.whl", hash = "sha256:71b24c7d61131bb83df10cc7e687433609963a944ccf45190cfc21e0887b08c9", size = 1823027 },
    { url = "https://files.pythonhosted.org/packages/b1/1c/b6f402cfc18ec0024120602bdbcebc7bdd5b856528c013bd4d13865ca473/pydantic_core-2.27.2-cp313-cp313-manylinux_2_17_armv7l.manylinux2014_armv7l.whl", hash = "sha256:fa8e459d4954f608fa26116118bb67f56b93b209c39b008277ace29937453dc9", size = 1868888 },
    { url = "https://files.pythonhosted.org/packages/bd/7b/8cb75b66ac37bc2975a3b7de99f3c6f355fcc4d89820b61dffa8f1e81677/pydantic_core-2.27.2-cp313-cp313-manylinux_2_17_ppc64le.manylinux2014_ppc64le.whl", hash = "sha256:ce8918cbebc8da707ba805b7fd0b382816858728ae7fe19a942080c24e5b7cd1", size = 2037738 },
    { url = "https://files.pythonhosted.org/packages/c8/f1/786d8fe78970a06f61df22cba58e365ce304bf9b9f46cc71c8c424e0c334/pydantic_core-2.27.2-cp313-cp313-manylinux_2_17_s390x.manylinux2014_s390x.whl", hash = "sha256:eda3f5c2a021bbc5d976107bb302e0131351c2ba54343f8a496dc8783d3d3a6a", size = 2685138 },
    { url = "https://files.pythonhosted.org/packages/a6/74/d12b2cd841d8724dc8ffb13fc5cef86566a53ed358103150209ecd5d1999/pydantic_core-2.27.2-cp313-cp313-manylinux_2_17_x86_64.manylinux2014_x86_64.whl", hash = "sha256:bd8086fa684c4775c27f03f062cbb9eaa6e17f064307e86b21b9e0abc9c0f02e", size = 1997025 },
    { url = "https://files.pythonhosted.org/packages/a0/6e/940bcd631bc4d9a06c9539b51f070b66e8f370ed0933f392db6ff350d873/pydantic_core-2.27.2-cp313-cp313-manylinux_2_5_i686.manylinux1_i686.whl", hash = "sha256:8d9b3388db186ba0c099a6d20f0604a44eabdeef1777ddd94786cdae158729e4", size = 2004633 },
    { url = "https://files.pythonhosted.org/packages/50/cc/a46b34f1708d82498c227d5d80ce615b2dd502ddcfd8376fc14a36655af1/pydantic_core-2.27.2-cp313-cp313-musllinux_1_1_aarch64.whl", hash = "sha256:7a66efda2387de898c8f38c0cf7f14fca0b51a8ef0b24bfea5849f1b3c95af27", size = 1999404 },
    { url = "https://files.pythonhosted.org/packages/ca/2d/c365cfa930ed23bc58c41463bae347d1005537dc8db79e998af8ba28d35e/pydantic_core-2.27.2-cp313-cp313-musllinux_1_1_armv7l.whl", hash = "sha256:18a101c168e4e092ab40dbc2503bdc0f62010e95d292b27827871dc85450d7ee", size = 2130130 },
    { url = "https://files.pythonhosted.org/packages/f4/d7/eb64d015c350b7cdb371145b54d96c919d4db516817f31cd1c650cae3b21/pydantic_core-2.27.2-cp313-cp313-musllinux_1_1_x86_64.whl", hash = "sha256:ba5dd002f88b78a4215ed2f8ddbdf85e8513382820ba15ad5ad8955ce0ca19a1", size = 2157946 },
    { url = "https://files.pythonhosted.org/packages/a4/99/bddde3ddde76c03b65dfd5a66ab436c4e58ffc42927d4ff1198ffbf96f5f/pydantic_core-2.27.2-cp313-cp313-win32.whl", hash = "sha256:1ebaf1d0481914d004a573394f4be3a7616334be70261007e47c2a6fe7e50130", size = 1834387 },
    { url = "https://files.pythonhosted.org/packages/71/47/82b5e846e01b26ac6f1893d3c5f9f3a2eb6ba79be26eef0b759b4fe72946/pydantic_core-2.27.2-cp313-cp313-win_amd64.whl", hash = "sha256:953101387ecf2f5652883208769a79e48db18c6df442568a0b5ccd8c2723abee", size = 1990453 },
    { url = "https://files.pythonhosted.org/packages/51/b2/b2b50d5ecf21acf870190ae5d093602d95f66c9c31f9d5de6062eb329ad1/pydantic_core-2.27.2-cp313-cp313-win_arm64.whl", hash = "sha256:ac4dbfd1691affb8f48c2c13241a2e3b60ff23247cbcf981759c768b6633cf8b", size = 1885186 },
]

[[package]]
name = "pydantic-settings"
version = "2.7.1"
source = { registry = "https://pypi.org/simple" }
dependencies = [
    { name = "pydantic" },
    { name = "python-dotenv" },
]
sdist = { url = "https://files.pythonhosted.org/packages/73/7b/c58a586cd7d9ac66d2ee4ba60ca2d241fa837c02bca9bea80a9a8c3d22a9/pydantic_settings-2.7.1.tar.gz", hash = "sha256:10c9caad35e64bfb3c2fbf70a078c0e25cc92499782e5200747f942a065dec93", size = 79920 }
wheels = [
    { url = "https://files.pythonhosted.org/packages/b4/46/93416fdae86d40879714f72956ac14df9c7b76f7d41a4d68aa9f71a0028b/pydantic_settings-2.7.1-py3-none-any.whl", hash = "sha256:590be9e6e24d06db33a4262829edef682500ef008565a969c73d39d5f8bfb3fd", size = 29718 },
]

[[package]]
name = "pygame"
version = "2.6.1"
source = { registry = "https://pypi.org/simple" }
sdist = { url = "https://files.pythonhosted.org/packages/49/cc/08bba60f00541f62aaa252ce0cfbd60aebd04616c0b9574f755b583e45ae/pygame-2.6.1.tar.gz", hash = "sha256:56fb02ead529cee00d415c3e007f75e0780c655909aaa8e8bf616ee09c9feb1f", size = 14808125 }
wheels = [
    { url = "https://files.pythonhosted.org/packages/e1/91/718acf3e2a9d08a6ddcc96bd02a6f63c99ee7ba14afeaff2a51c987df0b9/pygame-2.6.1-cp313-cp313-macosx_10_13_x86_64.whl", hash = "sha256:ae6039f3a55d800db80e8010f387557b528d34d534435e0871326804df2a62f2", size = 13090765 },
    { url = "https://files.pythonhosted.org/packages/0e/c6/9cb315de851a7682d9c7568a41ea042ee98d668cb8deadc1dafcab6116f0/pygame-2.6.1-cp313-cp313-macosx_11_0_arm64.whl", hash = "sha256:2a3a1288e2e9b1e5834e425bedd5ba01a3cd4902b5c2bff8ed4a740ccfe98171", size = 12381704 },
    { url = "https://files.pythonhosted.org/packages/9f/8f/617a1196e31ae3b46be6949fbaa95b8c93ce15e0544266198c2266cc1b4d/pygame-2.6.1-cp313-cp313-manylinux_2_17_aarch64.manylinux2014_aarch64.whl", hash = "sha256:27eb17e3dc9640e4b4683074f1890e2e879827447770470c2aba9f125f74510b", size = 13581091 },
    { url = "https://files.pythonhosted.org/packages/3b/87/2851a564e40a2dad353f1c6e143465d445dab18a95281f9ea458b94f3608/pygame-2.6.1-cp313-cp313-manylinux_2_17_i686.manylinux2014_i686.whl", hash = "sha256:4c1623180e70a03c4a734deb9bac50fc9c82942ae84a3a220779062128e75f3b", size = 14273844 },
    { url = "https://files.pythonhosted.org/packages/85/b5/aa23aa2e70bcba42c989c02e7228273c30f3b44b9b264abb93eaeff43ad7/pygame-2.6.1-cp313-cp313-manylinux_2_17_x86_64.manylinux2014_x86_64.whl", hash = "sha256:ef07c0103d79492c21fced9ad68c11c32efa6801ca1920ebfd0f15fb46c78b1c", size = 13951197 },
    { url = "https://files.pythonhosted.org/packages/a6/06/29e939b34d3f1354738c7d201c51c250ad7abefefaf6f8332d962ff67c4b/pygame-2.6.1-cp313-cp313-win32.whl", hash = "sha256:3acd8c009317190c2bfd81db681ecef47d5eb108c2151d09596d9c7ea9df5c0e", size = 10249309 },
    { url = "https://files.pythonhosted.org/packages/7e/11/17f7f319ca91824b86557e9303e3b7a71991ef17fd45286bf47d7f0a38e6/pygame-2.6.1-cp313-cp313-win_amd64.whl", hash = "sha256:813af4fba5d0b2cb8e58f5d95f7910295c34067dcc290d34f1be59c48bd1ea6a", size = 10620084 },
]

[[package]]
name = "python-dotenv"
version = "1.0.1"
source = { registry = "https://pypi.org/simple" }
sdist = { url = "https://files.pythonhosted.org/packages/bc/57/e84d88dfe0aec03b7a2d4327012c1627ab5f03652216c63d49846d7a6c58/python-dotenv-1.0.1.tar.gz", hash = "sha256:e324ee90a023d808f1959c46bcbc04446a10ced277783dc6ee09987c37ec10ca", size = 39115 }
wheels = [
    { url = "https://files.pythonhosted.org/packages/6a/3e/b68c118422ec867fa7ab88444e1274aa40681c606d59ac27de5a5588f082/python_dotenv-1.0.1-py3-none-any.whl", hash = "sha256:f7b63ef50f1b690dddf550d03497b66d609393b40b564ed0d674909a68ebf16a", size = 19863 },
]

[[package]]
name = "typing-extensions"
version = "4.12.2"
source = { registry = "https://pypi.org/simple" }
sdist = { url = "https://files.pythonhosted.org/packages/df/db/f35a00659bc03fec321ba8bce9420de607a1d37f8342eee1863174c69557/typing_extensions-4.12.2.tar.gz", hash = "sha256:1a7ead55c7e559dd4dee8856e3a88b41225abfe1ce8df57b7c13915fe121ffb8", size = 85321 }
wheels = [
    { url = "https://files.pythonhosted.org/packages/26/9f/ad63fc0248c5379346306f8668cda6e2e2e9c95e01216d2b8ffd9ff037d0/typing_extensions-4.12.2-py3-none-any.whl", hash = "sha256:04e5ca0351e0f3f85c6853954072df659d0d13fac324d0072316b67d7794700d", size = 37438 },
]
